
Microsoft Visual Studio Solution File, Format Version 12.00
Project("{FAE04EC0-301F-11D3-BF4B-00C04F79EFBC}") = "DefaultModule", "DefaultModule\DefaultModule.csproj", "{807BE767-48DA-43DE-B140-74368D312059}"
EndProject
Project("{FAE04EC0-301F-11D3-BF4B-00C04F79EFBC}") = "RunModule", "RunModule\RunModule.csproj", "{BA58DFD6-5DE2-4BF2-8508-B3413527279C}"
EndProject
Global
	GlobalSection(SolutionConfigurationPlatforms) = preSolution
		Debug|Any CPU = Debug|Any CPU
		Release|Any CPU = Release|Any CPU
	EndGlobalSection
	GlobalSection(ProjectConfigurationPlatforms) = postSolution
		{807BE767-48DA-43DE-B140-74368D312059}.Debug|Any CPU.ActiveCfg = Debug|Any CPU
		{807BE767-48DA-43DE-B140-74368D312059}.Debug|Any CPU.Build.0 = Debug|Any CPU
		{807BE767-48DA-43DE-B140-74368D312059}.Release|Any CPU.ActiveCfg = Release|Any CPU
		{807BE767-48DA-43DE-B140-74368D312059}.Release|Any CPU.Build.0 = Release|Any CPU
		{BA58DFD6-5DE2-4BF2-8508-B3413527279C}.Debug|Any CPU.ActiveCfg = Debug|Any CPU
		{BA58DFD6-5DE2-4BF2-8508-B3413527279C}.Debug|Any CPU.Build.0 = Debug|Any CPU
		{BA58DFD6-5DE2-4BF2-8508-B3413527279C}.Release|Any CPU.ActiveCfg = Release|Any CPU
		{BA58DFD6-5DE2-4BF2-8508-B3413527279C}.Release|Any CPU.Build.0 = Release|Any CPU
	EndGlobalSection
EndGlobal
